
Microsoft Visual Studio Solution File, Format Version 12.00
Project("{FAE04EC0-301F-11D3-BF4B-00C04F79EFBC}") = "rkeyboard", "rkeyboard\rkeyboard.csproj", "{8C7AFFB7-D36E-4826-AFB6-0BCBF25CE87A}"
EndProject
Global
	GlobalSection(SolutionConfigurationPlatforms) = preSolution
		Debug|Any CPU = Debug|Any CPU
		Release|Any CPU = Release|Any CPU
	EndGlobalSection
	GlobalSection(ProjectConfigurationPlatforms) = postSolution
		{8C7AFFB7-D36E-4826-AFB6-0BCBF25CE87A}.Debug|Any CPU.ActiveCfg = Debug|Any CPU
		{8C7AFFB7-D36E-4826-AFB6-0BCBF25CE87A}.Debug|Any CPU.Build.0 = Debug|Any CPU
		{8C7AFFB7-D36E-4826-AFB6-0BCBF25CE87A}.Release|Any CPU.ActiveCfg = Release|Any CPU
		{8C7AFFB7-D36E-4826-AFB6-0BCBF25CE87A}.Release|Any CPU.Build.0 = Release|Any CPU
	EndGlobalSection
EndGlobal
